// !$*UTF8*$!
{
	archiveVersion = 1;
	classes = {
	};
	objectVersion = 56;
	objects = {

/* Begin PBXBuildFile section */
		A702AB1F2BBB175E0066A9B7 /* requestmedicine.swift in Sources */ = {isa = PBXBuildFile; fileRef = A702AB1E2BBB175E0066A9B7 /* requestmedicine.swift */; };
		A71197F02BD6B4CC006CDCC1 /* CountryPicker in Frameworks */ = {isa = PBXBuildFile; productRef = A71197EF2BD6B4CC006CDCC1 /* CountryPicker */; };
		A71AF84D2BA1FEB100341C89 /* forgetpwd1.swift in Sources */ = {isa = PBXBuildFile; fileRef = A71AF84C2BA1FEB100341C89 /* forgetpwd1.swift */; };
		A71AF84F2BA2167A00341C89 /* forgetpwd2.swift in Sources */ = {isa = PBXBuildFile; fileRef = A71AF84E2BA2167A00341C89 /* forgetpwd2.swift */; };
		A739B9CF2B9F49C0003952DA /* settings.swift in Sources */ = {isa = PBXBuildFile; fileRef = A739B9CE2B9F49C0003952DA /* settings.swift */; };
		A77364D92BF14F470001EFAD /* HomeView.swift in Sources */ = {isa = PBXBuildFile; fileRef = A77364D82BF14F470001EFAD /* HomeView.swift */; };
		A78FBFEF2BEA505A009532A8 /* SwiftUIX in Frameworks */ = {isa = PBXBuildFile; productRef = A78FBFEE2BEA505A009532A8 /* SwiftUIX */; };
		A78FBFF12BEAB00F009532A8 /* createpost1.swift in Sources */ = {isa = PBXBuildFile; fileRef = A78FBFF02BEAB00F009532A8 /* createpost1.swift */; };
		A7B6BF2B2BAC62480013018E /* home.swift in Sources */ = {isa = PBXBuildFile; fileRef = A7B6BF2A2BAC62480013018E /* home.swift */; };
		A7C20C3F2B9A169F00966CA3 /* medidonateApp.swift in Sources */ = {isa = PBXBuildFile; fileRef = A7C20C3E2B9A169F00966CA3 /* medidonateApp.swift */; };
		A7C20C432B9A16A100966CA3 /* Assets.xcassets in Resources */ = {isa = PBXBuildFile; fileRef = A7C20C422B9A16A100966CA3 /* Assets.xcassets */; };
		A7C20C462B9A16A100966CA3 /* Preview Assets.xcassets in Resources */ = {isa = PBXBuildFile; fileRef = A7C20C452B9A16A100966CA3 /* Preview Assets.xcassets */; };
		A7C20C672B9A24FD00966CA3 /* signup.swift in Sources */ = {isa = PBXBuildFile; fileRef = A7C20C662B9A24FD00966CA3 /* signup.swift */; };
		A7CB95162BBCDB2C0088192A /* editrequestmedicine.swift in Sources */ = {isa = PBXBuildFile; fileRef = A7CB95152BBCDB2C0088192A /* editrequestmedicine.swift */; };
		A7CB95182BBCDDA60088192A /* editrequestmedicine2.swift in Sources */ = {isa = PBXBuildFile; fileRef = A7CB95172BBCDDA60088192A /* editrequestmedicine2.swift */; };
		A7CB951A2BBCDE280088192A /* editrequestmedicine3.swift in Sources */ = {isa = PBXBuildFile; fileRef = A7CB95192BBCDE280088192A /* editrequestmedicine3.swift */; };
		A7D3DAC42BBF67AA00653433 /* message.swift in Sources */ = {isa = PBXBuildFile; fileRef = A7D3DAC32BBF67AA00653433 /* message.swift */; };
		A7D3DAC62BBF716700653433 /* conversation.swift in Sources */ = {isa = PBXBuildFile; fileRef = A7D3DAC52BBF716700653433 /* conversation.swift */; };
		A7D3DAC82BBF796900653433 /* searchesall.swift in Sources */ = {isa = PBXBuildFile; fileRef = A7D3DAC72BBF796900653433 /* searchesall.swift */; };
		A7D3DACC2BBF7FBF00653433 /* welcome.swift in Sources */ = {isa = PBXBuildFile; fileRef = A7D3DACB2BBF7FBF00653433 /* welcome.swift */; };
		A7D3DACE2BBF856B00653433 /* historyrequest.swift in Sources */ = {isa = PBXBuildFile; fileRef = A7D3DACD2BBF856B00653433 /* historyrequest.swift */; };
		A7D3DAD02BBF8D8500653433 /* historydonate.swift in Sources */ = {isa = PBXBuildFile; fileRef = A7D3DACF2BBF8D8500653433 /* historydonate.swift */; };
		A7D3DAD22BBF90DE00653433 /* changelocation.swift in Sources */ = {isa = PBXBuildFile; fileRef = A7D3DAD12BBF90DE00653433 /* changelocation.swift */; };
		A7D3DAD42BBF929C00653433 /* changelocation2.swift in Sources */ = {isa = PBXBuildFile; fileRef = A7D3DAD32BBF929C00653433 /* changelocation2.swift */; };
		A7D3DAD62BBF93AE00653433 /* editprofile.swift in Sources */ = {isa = PBXBuildFile; fileRef = A7D3DAD52BBF93AE00653433 /* editprofile.swift */; };
		A7D880202B9D37D200FE2F40 /* login.swift in Sources */ = {isa = PBXBuildFile; fileRef = A7D8801F2B9D37D200FE2F40 /* login.swift */; };
		A7E039E62BF41C790030EF59 /* ContentView.swift in Sources */ = {isa = PBXBuildFile; fileRef = A7E039E52BF41C790030EF59 /* ContentView.swift */; };
		A7ECE7FA2BBE3DE700E3EE76 /* confirmerequest.swift in Sources */ = {isa = PBXBuildFile; fileRef = A7ECE7F92BBE3DE700E3EE76 /* confirmerequest.swift */; };
/* End PBXBuildFile section */

/* Begin PBXFileReference section */
		A702AB1E2BBB175E0066A9B7 /* requestmedicine.swift */ = {isa = PBXFileReference; lastKnownFileType = sourcecode.swift; path = requestmedicine.swift; sourceTree = "<group>"; };
		A71AF84C2BA1FEB100341C89 /* forgetpwd1.swift */ = {isa = PBXFileReference; lastKnownFileType = sourcecode.swift; path = forgetpwd1.swift; sourceTree = "<group>"; };
		A71AF84E2BA2167A00341C89 /* forgetpwd2.swift */ = {isa = PBXFileReference; lastKnownFileType = sourcecode.swift; path = forgetpwd2.swift; sourceTree = "<group>"; };
		A739B9CE2B9F49C0003952DA /* settings.swift */ = {isa = PBXFileReference; lastKnownFileType = sourcecode.swift; path = settings.swift; sourceTree = "<group>"; };
		A77364D82BF14F470001EFAD /* HomeView.swift */ = {isa = PBXFileReference; lastKnownFileType = sourcecode.swift; path = HomeView.swift; sourceTree = "<group>"; };
		A78FBFF02BEAB00F009532A8 /* createpost1.swift */ = {isa = PBXFileReference; lastKnownFileType = sourcecode.swift; path = createpost1.swift; sourceTree = "<group>"; };
		A7B6BF2A2BAC62480013018E /* home.swift */ = {isa = PBXFileReference; lastKnownFileType = sourcecode.swift; path = home.swift; sourceTree = "<group>"; };
		A7C20C3B2B9A169F00966CA3 /* medidonate.app */ = {isa = PBXFileReference; explicitFileType = wrapper.application; includeInIndex = 0; path = medidonate.app; sourceTree = BUILT_PRODUCTS_DIR; };
		A7C20C3E2B9A169F00966CA3 /* medidonateApp.swift */ = {isa = PBXFileReference; lastKnownFileType = sourcecode.swift; path = medidonateApp.swift; sourceTree = "<group>"; };
		A7C20C422B9A16A100966CA3 /* Assets.xcassets */ = {isa = PBXFileReference; lastKnownFileType = folder.assetcatalog; path = Assets.xcassets; sourceTree = "<group>"; };
		A7C20C452B9A16A100966CA3 /* Preview Assets.xcassets */ = {isa = PBXFileReference; lastKnownFileType = folder.assetcatalog; path = "Preview Assets.xcassets"; sourceTree = "<group>"; };
		A7C20C662B9A24FD00966CA3 /* signup.swift */ = {isa = PBXFileReference; lastKnownFileType = sourcecode.swift; path = signup.swift; sourceTree = "<group>"; };
		A7CB95152BBCDB2C0088192A /* editrequestmedicine.swift */ = {isa = PBXFileReference; lastKnownFileType = sourcecode.swift; path = editrequestmedicine.swift; sourceTree = "<group>"; };
		A7CB95172BBCDDA60088192A /* editrequestmedicine2.swift */ = {isa = PBXFileReference; lastKnownFileType = sourcecode.swift; path = editrequestmedicine2.swift; sourceTree = "<group>"; };
		A7CB95192BBCDE280088192A /* editrequestmedicine3.swift */ = {isa = PBXFileReference; lastKnownFileType = sourcecode.swift; path = editrequestmedicine3.swift; sourceTree = "<group>"; };
		A7D3DAC32BBF67AA00653433 /* message.swift */ = {isa = PBXFileReference; lastKnownFileType = sourcecode.swift; path = message.swift; sourceTree = "<group>"; };
		A7D3DAC52BBF716700653433 /* conversation.swift */ = {isa = PBXFileReference; lastKnownFileType = sourcecode.swift; path = conversation.swift; sourceTree = "<group>"; };
		A7D3DAC72BBF796900653433 /* searchesall.swift */ = {isa = PBXFileReference; lastKnownFileType = sourcecode.swift; path = searchesall.swift; sourceTree = "<group>"; };
		A7D3DACB2BBF7FBF00653433 /* welcome.swift */ = {isa = PBXFileReference; lastKnownFileType = sourcecode.swift; path = welcome.swift; sourceTree = "<group>"; };
		A7D3DACD2BBF856B00653433 /* historyrequest.swift */ = {isa = PBXFileReference; lastKnownFileType = sourcecode.swift; path = historyrequest.swift; sourceTree = "<group>"; };
		A7D3DACF2BBF8D8500653433 /* historydonate.swift */ = {isa = PBXFileReference; lastKnownFileType = sourcecode.swift; path = historydonate.swift; sourceTree = "<group>"; };
		A7D3DAD12BBF90DE00653433 /* changelocation.swift */ = {isa = PBXFileReference; lastKnownFileType = sourcecode.swift; path = changelocation.swift; sourceTree = "<group>"; };
		A7D3DAD32BBF929C00653433 /* changelocation2.swift */ = {isa = PBXFileReference; lastKnownFileType = sourcecode.swift; path = changelocation2.swift; sourceTree = "<group>"; };
		A7D3DAD52BBF93AE00653433 /* editprofile.swift */ = {isa = PBXFileReference; lastKnownFileType = sourcecode.swift; path = editprofile.swift; sourceTree = "<group>"; };
		A7D8801F2B9D37D200FE2F40 /* login.swift */ = {isa = PBXFileReference; lastKnownFileType = sourcecode.swift; path = login.swift; sourceTree = "<group>"; };
		A7E039E52BF41C790030EF59 /* ContentView.swift */ = {isa = PBXFileReference; lastKnownFileType = sourcecode.swift; path = ContentView.swift; sourceTree = "<group>"; };
		A7ECE7F92BBE3DE700E3EE76 /* confirmerequest.swift */ = {isa = PBXFileReference; lastKnownFileType = sourcecode.swift; path = confirmerequest.swift; sourceTree = "<group>"; };
/* End PBXFileReference section */

/* Begin PBXFrameworksBuildPhase section */
		A7C20C382B9A169F00966CA3 /* Frameworks */ = {
			isa = PBXFrameworksBuildPhase;
			buildActionMask = 2147483647;
			files = (
				A71197F02BD6B4CC006CDCC1 /* CountryPicker in Frameworks */,
				A78FBFEF2BEA505A009532A8 /* SwiftUIX in Frameworks */,
			);
			runOnlyForDeploymentPostprocessing = 0;
		};
/* End PBXFrameworksBuildPhase section */

/* Begin PBXGroup section */
		A71D70172BF8DBBF00C3DB14 /* Models */ = {
			isa = PBXGroup;
			children = (
			);
			path = Models;
			sourceTree = "<group>";
		};
		A71D70192BF8DBF300C3DB14 /* View Models */ = {
			isa = PBXGroup;
			children = (
			);
			path = "View Models";
			sourceTree = "<group>";
		};
		A71D701A2BF8DC1600C3DB14 /* Views */ = {
			isa = PBXGroup;
			children = (
			);
			path = Views;
			sourceTree = "<group>";
		};
		A7C20C322B9A169F00966CA3 = {
			isa = PBXGroup;
			children = (
				A7C20C3D2B9A169F00966CA3 /* medidonate */,
				A7C20C3C2B9A169F00966CA3 /* Products */,
			);
			sourceTree = "<group>";
		};
		A7C20C3C2B9A169F00966CA3 /* Products */ = {
			isa = PBXGroup;
			children = (
				A7C20C3B2B9A169F00966CA3 /* medidonate.app */,
			);
			name = Products;
			sourceTree = "<group>";
		};
		A7C20C3D2B9A169F00966CA3 /* medidonate */ = {
			isa = PBXGroup;
			children = (
				A7C20C3E2B9A169F00966CA3 /* medidonateApp.swift */,
				A7D8801E2B9D378E00FE2F40 /* app_pages */,
				A7C20C422B9A16A100966CA3 /* Assets.xcassets */,
				A7C20C442B9A16A100966CA3 /* Preview Content */,
			);
			path = medidonate;
			sourceTree = "<group>";
		};
		A7C20C442B9A16A100966CA3 /* Preview Content */ = {
			isa = PBXGroup;
			children = (
				A7C20C452B9A16A100966CA3 /* Preview Assets.xcassets */,
			);
			path = "Preview Content";
			sourceTree = "<group>";
		};
		A7D8801E2B9D378E00FE2F40 /* app_pages */ = {
			isa = PBXGroup;
			children = (
				A7D3DACB2BBF7FBF00653433 /* welcome.swift */,
				A7D8801F2B9D37D200FE2F40 /* login.swift */,
				A7C20C662B9A24FD00966CA3 /* signup.swift */,
				A739B9CE2B9F49C0003952DA /* settings.swift */,
				A7D3DAD12BBF90DE00653433 /* changelocation.swift */,
				A7D3DAD32BBF929C00653433 /* changelocation2.swift */,
				A71AF84C2BA1FEB100341C89 /* forgetpwd1.swift */,
				A71AF84E2BA2167A00341C89 /* forgetpwd2.swift */,
				A7B6BF2A2BAC62480013018E /* home.swift */,
				A77364D82BF14F470001EFAD /* HomeView.swift */,
				A702AB1E2BBB175E0066A9B7 /* requestmedicine.swift */,
				A7CB95152BBCDB2C0088192A /* editrequestmedicine.swift */,
				A78FBFF02BEAB00F009532A8 /* createpost1.swift */,
				A7CB95172BBCDDA60088192A /* editrequestmedicine2.swift */,
				A7CB95192BBCDE280088192A /* editrequestmedicine3.swift */,
				A7ECE7F92BBE3DE700E3EE76 /* confirmerequest.swift */,
				A7D3DAC72BBF796900653433 /* searchesall.swift */,
				A7D3DACD2BBF856B00653433 /* historyrequest.swift */,
				A7D3DACF2BBF8D8500653433 /* historydonate.swift */,
				A7D3DAD52BBF93AE00653433 /* editprofile.swift */,
				A7D3DAC32BBF67AA00653433 /* message.swift */,
				A7D3DAC52BBF716700653433 /* conversation.swift */,
				A7E039E52BF41C790030EF59 /* ContentView.swift */,
				A71D701A2BF8DC1600C3DB14 /* Views */,
				A71D70192BF8DBF300C3DB14 /* View Models */,
				A71D70172BF8DBBF00C3DB14 /* Models */,
			);
			path = app_pages;
			sourceTree = "<group>";
		};
/* End PBXGroup section */

/* Begin PBXNativeTarget section */
		A7C20C3A2B9A169F00966CA3 /* medidonate */ = {
			isa = PBXNativeTarget;
			buildConfigurationList = A7C20C492B9A16A100966CA3 /* Build configuration list for PBXNativeTarget "medidonate" */;
			buildPhases = (
				A7C20C372B9A169F00966CA3 /* Sources */,
				A7C20C382B9A169F00966CA3 /* Frameworks */,
				A7C20C392B9A169F00966CA3 /* Resources */,
			);
			buildRules = (
			);
			dependencies = (
			);
			name = medidonate;
			packageProductDependencies = (
				A71197EF2BD6B4CC006CDCC1 /* CountryPicker */,
				A78FBFEE2BEA505A009532A8 /* SwiftUIX */,
			);
			productName = medidonate;
			productReference = A7C20C3B2B9A169F00966CA3 /* medidonate.app */;
			productType = "com.apple.product-type.application";
		};
/* End PBXNativeTarget section */

/* Begin PBXProject section */
		A7C20C332B9A169F00966CA3 /* Project object */ = {
			isa = PBXProject;
			attributes = {
				BuildIndependentTargetsInParallel = 1;
				LastSwiftUpdateCheck = 1520;
				LastUpgradeCheck = 1520;
				TargetAttributes = {
					A7C20C3A2B9A169F00966CA3 = {
						CreatedOnToolsVersion = 15.2;
					};
				};
			};
			buildConfigurationList = A7C20C362B9A169F00966CA3 /* Build configuration list for PBXProject "medidonate" */;
			compatibilityVersion = "Xcode 14.0";
			developmentRegion = en;
			hasScannedForEncodings = 0;
			knownRegions = (
				en,
				Base,
			);
			mainGroup = A7C20C322B9A169F00966CA3;
			packageReferences = (
				A71197EE2BD6B4CC006CDCC1 /* XCRemoteSwiftPackageReference "CountryPicker" */,
				A78FBFED2BEA505A009532A8 /* XCRemoteSwiftPackageReference "SwiftUIX" */,
			);
			productRefGroup = A7C20C3C2B9A169F00966CA3 /* Products */;
			projectDirPath = "";
			projectRoot = "";
			targets = (
				A7C20C3A2B9A169F00966CA3 /* medidonate */,
			);
		};
/* End PBXProject section */

/* Begin PBXResourcesBuildPhase section */
		A7C20C392B9A169F00966CA3 /* Resources */ = {
			isa = PBXResourcesBuildPhase;
			buildActionMask = 2147483647;
			files = (
				A7C20C462B9A16A100966CA3 /* Preview Assets.xcassets in Resources */,
				A7C20C432B9A16A100966CA3 /* Assets.xcassets in Resources */,
			);
			runOnlyForDeploymentPostprocessing = 0;
		};
/* End PBXResourcesBuildPhase section */

/* Begin PBXSourcesBuildPhase section */
		A7C20C372B9A169F00966CA3 /* Sources */ = {
			isa = PBXSourcesBuildPhase;
			buildActionMask = 2147483647;
			files = (
				A7D3DAD22BBF90DE00653433 /* changelocation.swift in Sources */,
				A7C20C672B9A24FD00966CA3 /* signup.swift in Sources */,
				A71AF84D2BA1FEB100341C89 /* forgetpwd1.swift in Sources */,
				A7D3DAC82BBF796900653433 /* searchesall.swift in Sources */,
				A7B6BF2B2BAC62480013018E /* home.swift in Sources */,
				A7CB95182BBCDDA60088192A /* editrequestmedicine2.swift in Sources */,
				A7CB95162BBCDB2C0088192A /* editrequestmedicine.swift in Sources */,
				A7D3DACC2BBF7FBF00653433 /* welcome.swift in Sources */,
				A77364D92BF14F470001EFAD /* HomeView.swift in Sources */,
				A7CB951A2BBCDE280088192A /* editrequestmedicine3.swift in Sources */,
				A7E039E62BF41C790030EF59 /* ContentView.swift in Sources */,
				A7D880202B9D37D200FE2F40 /* login.swift in Sources */,
				A7D3DAC42BBF67AA00653433 /* message.swift in Sources */,
				A7D3DAD42BBF929C00653433 /* changelocation2.swift in Sources */,
				A702AB1F2BBB175E0066A9B7 /* requestmedicine.swift in Sources */,
				A71AF84F2BA2167A00341C89 /* forgetpwd2.swift in Sources */,
				A7ECE7FA2BBE3DE700E3EE76 /* confirmerequest.swift in Sources */,
				A7C20C3F2B9A169F00966CA3 /* medidonateApp.swift in Sources */,
				A7D3DAC62BBF716700653433 /* conversation.swift in Sources */,
				A78FBFF12BEAB00F009532A8 /* createpost1.swift in Sources */,
				A7D3DAD02BBF8D8500653433 /* historydonate.swift in Sources */,
				A7D3DACE2BBF856B00653433 /* historyrequest.swift in Sources */,
				A739B9CF2B9F49C0003952DA /* settings.swift in Sources */,
				A7D3DAD62BBF93AE00653433 /* editprofile.swift in Sources */,
			);
			runOnlyForDeploymentPostprocessing = 0;
		};
/* End PBXSourcesBuildPhase section */

/* Begin XCBuildConfiguration section */
		A7C20C472B9A16A100966CA3 /* Debug */ = {
			isa = XCBuildConfiguration;
			buildSettings = {
				ALWAYS_SEARCH_USER_PATHS = NO;
				ASSETCATALOG_COMPILER_GENERATE_SWIFT_ASSET_SYMBOL_EXTENSIONS = YES;
				CLANG_ANALYZER_NONNULL = YES;
				CLANG_ANALYZER_NUMBER_OBJECT_CONVERSION = YES_AGGRESSIVE;
				CLANG_CXX_LANGUAGE_STANDARD = "gnu++20";
				CLANG_ENABLE_MODULES = YES;
				CLANG_ENABLE_OBJC_ARC = YES;
				CLANG_ENABLE_OBJC_WEAK = YES;
				CLANG_WARN_BLOCK_CAPTURE_AUTORELEASING = YES;
				CLANG_WARN_BOOL_CONVERSION = YES;
				CLANG_WARN_COMMA = YES;
				CLANG_WARN_CONSTANT_CONVERSION = YES;
				CLANG_WARN_DEPRECATED_OBJC_IMPLEMENTATIONS = YES;
				CLANG_WARN_DIRECT_OBJC_ISA_USAGE = YES_ERROR;
				CLANG_WARN_DOCUMENTATION_COMMENTS = YES;
				CLANG_WARN_EMPTY_BODY = YES;
				CLANG_WARN_ENUM_CONVERSION = YES;
				CLANG_WARN_INFINITE_RECURSION = YES;
				CLANG_WARN_INT_CONVERSION = YES;
				CLANG_WARN_NON_LITERAL_NULL_CONVERSION = YES;
				CLANG_WARN_OBJC_IMPLICIT_RETAIN_SELF = YES;
				CLANG_WARN_OBJC_LITERAL_CONVERSION = YES;
				CLANG_WARN_OBJC_ROOT_CLASS = YES_ERROR;
				CLANG_WARN_QUOTED_INCLUDE_IN_FRAMEWORK_HEADER = YES;
				CLANG_WARN_RANGE_LOOP_ANALYSIS = YES;
				CLANG_WARN_STRICT_PROTOTYPES = YES;
				CLANG_WARN_SUSPICIOUS_MOVE = YES;
				CLANG_WARN_UNGUARDED_AVAILABILITY = YES_AGGRESSIVE;
				CLANG_WARN_UNREACHABLE_CODE = YES;
				CLANG_WARN__DUPLICATE_METHOD_MATCH = YES;
				COPY_PHASE_STRIP = NO;
				DEBUG_INFORMATION_FORMAT = dwarf;
				ENABLE_STRICT_OBJC_MSGSEND = YES;
				ENABLE_TESTABILITY = YES;
				ENABLE_USER_SCRIPT_SANDBOXING = YES;
				GCC_C_LANGUAGE_STANDARD = gnu17;
				GCC_DYNAMIC_NO_PIC = NO;
				GCC_NO_COMMON_BLOCKS = YES;
				GCC_OPTIMIZATION_LEVEL = 0;
				GCC_PREPROCESSOR_DEFINITIONS = (
					"DEBUG=1",
					"$(inherited)",
				);
				GCC_WARN_64_TO_32_BIT_CONVERSION = YES;
				GCC_WARN_ABOUT_RETURN_TYPE = YES_ERROR;
				GCC_WARN_UNDECLARED_SELECTOR = YES;
				GCC_WARN_UNINITIALIZED_AUTOS = YES_AGGRESSIVE;
				GCC_WARN_UNUSED_FUNCTION = YES;
				GCC_WARN_UNUSED_VARIABLE = YES;
				IPHONEOS_DEPLOYMENT_TARGET = 17.2;
				LOCALIZATION_PREFERS_STRING_CATALOGS = YES;
				MTL_ENABLE_DEBUG_INFO = INCLUDE_SOURCE;
				MTL_FAST_MATH = YES;
				ONLY_ACTIVE_ARCH = YES;
				SDKROOT = iphoneos;
				SWIFT_ACTIVE_COMPILATION_CONDITIONS = "DEBUG $(inherited)";
				SWIFT_OPTIMIZATION_LEVEL = "-Onone";
			};
			name = Debug;
		};
		A7C20C482B9A16A100966CA3 /* Release */ = {
			isa = XCBuildConfiguration;
			buildSettings = {
				ALWAYS_SEARCH_USER_PATHS = NO;
				ASSETCATALOG_COMPILER_GENERATE_SWIFT_ASSET_SYMBOL_EXTENSIONS = YES;
				CLANG_ANALYZER_NONNULL = YES;
				CLANG_ANALYZER_NUMBER_OBJECT_CONVERSION = YES_AGGRESSIVE;
				CLANG_CXX_LANGUAGE_STANDARD = "gnu++20";
				CLANG_ENABLE_MODULES = YES;
				CLANG_ENABLE_OBJC_ARC = YES;
				CLANG_ENABLE_OBJC_WEAK = YES;
				CLANG_WARN_BLOCK_CAPTURE_AUTORELEASING = YES;
				CLANG_WARN_BOOL_CONVERSION = YES;
				CLANG_WARN_COMMA = YES;
				CLANG_WARN_CONSTANT_CONVERSION = YES;
				CLANG_WARN_DEPRECATED_OBJC_IMPLEMENTATIONS = YES;
				CLANG_WARN_DIRECT_OBJC_ISA_USAGE = YES_ERROR;
				CLANG_WARN_DOCUMENTATION_COMMENTS = YES;
				CLANG_WARN_EMPTY_BODY = YES;
				CLANG_WARN_ENUM_CONVERSION = YES;
				CLANG_WARN_INFINITE_RECURSION = YES;
				CLANG_WARN_INT_CONVERSION = YES;
				CLANG_WARN_NON_LITERAL_NULL_CONVERSION = YES;
				CLANG_WARN_OBJC_IMPLICIT_RETAIN_SELF = YES;
				CLANG_WARN_OBJC_LITERAL_CONVERSION = YES;
				CLANG_WARN_OBJC_ROOT_CLASS = YES_ERROR;
				CLANG_WARN_QUOTED_INCLUDE_IN_FRAMEWORK_HEADER = YES;
				CLANG_WARN_RANGE_LOOP_ANALYSIS = YES;
				CLANG_WARN_STRICT_PROTOTYPES = YES;
				CLANG_WARN_SUSPICIOUS_MOVE = YES;
				CLANG_WARN_UNGUARDED_AVAILABILITY = YES_AGGRESSIVE;
				CLANG_WARN_UNREACHABLE_CODE = YES;
				CLANG_WARN__DUPLICATE_METHOD_MATCH = YES;
				COPY_PHASE_STRIP = NO;
				DEBUG_INFORMATION_FORMAT = "dwarf-with-dsym";
				ENABLE_NS_ASSERTIONS = NO;
				ENABLE_STRICT_OBJC_MSGSEND = YES;
				ENABLE_USER_SCRIPT_SANDBOXING = YES;
				GCC_C_LANGUAGE_STANDARD = gnu17;
				GCC_NO_COMMON_BLOCKS = YES;
				GCC_WARN_64_TO_32_BIT_CONVERSION = YES;
				GCC_WARN_ABOUT_RETURN_TYPE = YES_ERROR;
				GCC_WARN_UNDECLARED_SELECTOR = YES;
				GCC_WARN_UNINITIALIZED_AUTOS = YES_AGGRESSIVE;
				GCC_WARN_UNUSED_FUNCTION = YES;
				GCC_WARN_UNUSED_VARIABLE = YES;
				IPHONEOS_DEPLOYMENT_TARGET = 17.2;
				LOCALIZATION_PREFERS_STRING_CATALOGS = YES;
				MTL_ENABLE_DEBUG_INFO = NO;
				MTL_FAST_MATH = YES;
				SDKROOT = iphoneos;
				SWIFT_COMPILATION_MODE = wholemodule;
				VALIDATE_PRODUCT = YES;
			};
			name = Release;
		};
		A7C20C4A2B9A16A100966CA3 /* Debug */ = {
			isa = XCBuildConfiguration;
			buildSettings = {
				ASSETCATALOG_COMPILER_APPICON_NAME = AppIcon;
				ASSETCATALOG_COMPILER_GLOBAL_ACCENT_COLOR_NAME = AccentColor;
				CODE_SIGN_STYLE = Automatic;
				CURRENT_PROJECT_VERSION = 1;
				DEVELOPMENT_ASSET_PATHS = "\"medidonate/Preview Content\"";
				DEVELOPMENT_TEAM = 777PRTT365;
				ENABLE_PREVIEWS = YES;
				GENERATE_INFOPLIST_FILE = YES;
				INFOPLIST_KEY_UIApplicationSceneManifest_Generation = YES;
				INFOPLIST_KEY_UIApplicationSupportsIndirectInputEvents = YES;
				INFOPLIST_KEY_UILaunchScreen_Generation = YES;
				INFOPLIST_KEY_UISupportedInterfaceOrientations_iPad = "UIInterfaceOrientationPortrait UIInterfaceOrientationPortraitUpsideDown UIInterfaceOrientationLandscapeLeft UIInterfaceOrientationLandscapeRight";
				INFOPLIST_KEY_UISupportedInterfaceOrientations_iPhone = "UIInterfaceOrientationPortrait UIInterfaceOrientationLandscapeLeft UIInterfaceOrientationLandscapeRight";
				IPHONEOS_DEPLOYMENT_TARGET = 17.2;
				LD_RUNPATH_SEARCH_PATHS = (
					"$(inherited)",
					"@executable_path/Frameworks",
				);
				MARKETING_VERSION = 1.0;
				PRODUCT_BUNDLE_IDENTIFIER = fares.com.medidonate;
				PRODUCT_NAME = "$(TARGET_NAME)";
				SWIFT_EMIT_LOC_STRINGS = YES;
				SWIFT_VERSION = 5.0;
				TARGETED_DEVICE_FAMILY = "1,2";
			};
			name = Debug;
		};
		A7C20C4B2B9A16A100966CA3 /* Release */ = {
			isa = XCBuildConfiguration;
			buildSettings = {
				ASSETCATALOG_COMPILER_APPICON_NAME = AppIcon;
				ASSETCATALOG_COMPILER_GLOBAL_ACCENT_COLOR_NAME = AccentColor;
				CODE_SIGN_STYLE = Automatic;
				CURRENT_PROJECT_VERSION = 1;
				DEVELOPMENT_ASSET_PATHS = "\"medidonate/Preview Content\"";
				DEVELOPMENT_TEAM = 777PRTT365;
				ENABLE_PREVIEWS = YES;
				GENERATE_INFOPLIST_FILE = YES;
				INFOPLIST_KEY_UIApplicationSceneManifest_Generation = YES;
				INFOPLIST_KEY_UIApplicationSupportsIndirectInputEvents = YES;
				INFOPLIST_KEY_UILaunchScreen_Generation = YES;
				INFOPLIST_KEY_UISupportedInterfaceOrientations_iPad = "UIInterfaceOrientationPortrait UIInterfaceOrientationPortraitUpsideDown UIInterfaceOrientationLandscapeLeft UIInterfaceOrientationLandscapeRight";
				INFOPLIST_KEY_UISupportedInterfaceOrientations_iPhone = "UIInterfaceOrientationPortrait UIInterfaceOrientationLandscapeLeft UIInterfaceOrientationLandscapeRight";
				IPHONEOS_DEPLOYMENT_TARGET = 17.2;
				LD_RUNPATH_SEARCH_PATHS = (
					"$(inherited)",
					"@executable_path/Frameworks",
				);
				MARKETING_VERSION = 1.0;
				PRODUCT_BUNDLE_IDENTIFIER = fares.com.medidonate;
				PRODUCT_NAME = "$(TARGET_NAME)";
				SWIFT_EMIT_LOC_STRINGS = YES;
				SWIFT_VERSION = 5.0;
				TARGETED_DEVICE_FAMILY = "1,2";
			};
			name = Release;
		};
/* End XCBuildConfiguration section */

/* Begin XCConfigurationList section */
		A7C20C362B9A169F00966CA3 /* Build configuration list for PBXProject "medidonate" */ = {
			isa = XCConfigurationList;
			buildConfigurations = (
				A7C20C472B9A16A100966CA3 /* Debug */,
				A7C20C482B9A16A100966CA3 /* Release */,
			);
			defaultConfigurationIsVisible = 0;
			defaultConfigurationName = Release;
		};
		A7C20C492B9A16A100966CA3 /* Build configuration list for PBXNativeTarget "medidonate" */ = {
			isa = XCConfigurationList;
			buildConfigurations = (
				A7C20C4A2B9A16A100966CA3 /* Debug */,
				A7C20C4B2B9A16A100966CA3 /* Release */,
			);
			defaultConfigurationIsVisible = 0;
			defaultConfigurationName = Release;
		};
/* End XCConfigurationList section */

/* Begin XCRemoteSwiftPackageReference section */
		A71197EE2BD6B4CC006CDCC1 /* XCRemoteSwiftPackageReference "CountryPicker" */ = {
			isa = XCRemoteSwiftPackageReference;
			repositoryURL = "https://github.com/mobven/CountryPicker.git";
			requirement = {
				kind = upToNextMajorVersion;
				minimumVersion = 2.0.3;
			};
		};
		A78FBFED2BEA505A009532A8 /* XCRemoteSwiftPackageReference "SwiftUIX" */ = {
			isa = XCRemoteSwiftPackageReference;
			repositoryURL = "https://github.com/SwiftUIX/SwiftUIX.git";
			requirement = {
				kind = upToNextMajorVersion;
				minimumVersion = 0.2.1;
			};
		};
/* End XCRemoteSwiftPackageReference section */

/* Begin XCSwiftPackageProductDependency section */
		A71197EF2BD6B4CC006CDCC1 /* CountryPicker */ = {
			isa = XCSwiftPackageProductDependency;
			package = A71197EE2BD6B4CC006CDCC1 /* XCRemoteSwiftPackageReference "CountryPicker" */;
			productName = CountryPicker;
		};
		A78FBFEE2BEA505A009532A8 /* SwiftUIX */ = {
			isa = XCSwiftPackageProductDependency;
			package = A78FBFED2BEA505A009532A8 /* XCRemoteSwiftPackageReference "SwiftUIX" */;
			productName = SwiftUIX;
		};
/* End XCSwiftPackageProductDependency section */
	};
	rootObject = A7C20C332B9A169F00966CA3 /* Project object */;
}
